
Microsoft Visual Studio Solution File, Format Version 12.00
# Visual Studio Version 16
VisualStudioVersion = 25.0.1706.9
MinimumVisualStudioVersion = 10.0.40219.1
Project("{FAE04EC0-301F-11D3-BF4B-00C04F79EFBC}") = "maui_my_app", "maui_my_app\maui_my_app.csproj", "{8C5E5388-69FB-473F-9F52-6C49E29AF44D}"
EndProject
Global
	GlobalSection(SolutionConfigurationPlatforms) = preSolution
		Debug|Any CPU = Debug|Any CPU
		Release|Any CPU = Release|Any CPU
	EndGlobalSection
	GlobalSection(ProjectConfigurationPlatforms) = postSolution
		{8C5E5388-69FB-473F-9F52-6C49E29AF44D}.Debug|Any CPU.ActiveCfg = Debug|Any CPU
		{8C5E5388-69FB-473F-9F52-6C49E29AF44D}.Debug|Any CPU.Build.0 = Debug|Any CPU
		{8C5E5388-69FB-473F-9F52-6C49E29AF44D}.Release|Any CPU.ActiveCfg = Release|Any CPU
		{8C5E5388-69FB-473F-9F52-6C49E29AF44D}.Release|Any CPU.Build.0 = Release|Any CPU
	EndGlobalSection
	GlobalSection(SolutionProperties) = preSolution
		HideSolutionNode = FALSE
	EndGlobalSection
	GlobalSection(ExtensibilityGlobals) = postSolution
		SolutionGuid = {1D8133B1-55D0-44AE-B140-D36ABF6FF9FE}
	EndGlobalSection
EndGlobal
